# THIS IS AN AUTOGENERATED FILE. DO NOT EDIT THIS FILE DIRECTLY.
# yarn lockfile v1


autoprefixer@^10.3.4:
  version "10.3.4"
  resolved "https://registry.yarnpkg.com/autoprefixer/-/autoprefixer-10.3.4.tgz#29efe5d19f51c281953178ddb5b84c5f1ca24c86"
  integrity sha512-EKjKDXOq7ug+jagLzmnoTRpTT0q1KVzEJqrJd0hCBa7FiG0WbFOBCcJCy2QkW1OckpO3qgttA1aWjVbeIPAecw==
  dependencies:
    browserslist "^4.16.8"
    caniuse-lite "^1.0.30001252"
    colorette "^1.3.0"
    fraction.js "^4.1.1"
    normalize-range "^0.1.2"
    postcss-value-parser "^4.1.0"

browserslist@^4.16.8:
  version "4.17.0"
  resolved "https://registry.yarnpkg.com/browserslist/-/browserslist-4.17.0.tgz#1fcd81ec75b41d6d4994fb0831b92ac18c01649c"
  integrity sha512-g2BJ2a0nEYvEFQC208q8mVAhfNwpZ5Mu8BwgtCdZKO3qx98HChmeg448fPdUzld8aFmfLgVh7yymqV+q1lJZ5g==
  dependencies:
    caniuse-lite "^1.0.30001254"
    colorette "^1.3.0"
    electron-to-chromium "^1.3.830"
    escalade "^3.1.1"
    node-releases "^1.1.75"

caniuse-lite@^1.0.30001252, caniuse-lite@^1.0.30001254:
  version "1.0.30001258"
  resolved "https://registry.yarnpkg.com/caniuse-lite/-/caniuse-lite-1.0.30001258.tgz#b604eed80cc54a578e4bf5a02ae3ed49f869d252"
  integrity sha512-RBByOG6xWXUp0CR2/WU2amXz3stjKpSl5J1xU49F1n2OxD//uBZO4wCKUiG+QMGf7CHGfDDcqoKriomoGVxTeA==

colorette@^1.3.0:
  version "1.4.0"
  resolved "https://registry.yarnpkg.com/colorette/-/colorette-1.4.0.tgz#5190fbb87276259a86ad700bff2c6d6faa3fca40"
  integrity sha512-Y2oEozpomLn7Q3HFP7dpww7AtMJplbM9lGZP6RDfHqmbeRjiwRg4n6VM6j4KLmRke85uWEI7JqF17f3pqdRA0g==

electron-to-chromium@^1.3.830:
  version "1.3.843"
  resolved "https://registry.yarnpkg.com/electron-to-chromium/-/electron-to-chromium-1.3.843.tgz#671489bd2f59fd49b76adddc1aa02c88cd38a5c0"
  integrity sha512-OWEwAbzaVd1Lk9MohVw8LxMXFlnYd9oYTYxfX8KS++kLLjDfbovLOcEEXwRhG612dqGQ6+44SZvim0GXuBRiKg==

escalade@^3.1.1:
  version "3.1.1"
  resolved "https://registry.yarnpkg.com/escalade/-/escalade-3.1.1.tgz#d8cfdc7000965c5a0174b4a82eaa5c0552742e40"
  integrity sha512-k0er2gUkLf8O0zKJiAhmkTnJlTvINGv7ygDNPbeIsX/TJjGJZHuh9B2UxbsaEkmlEo9MfhrSzmhIlhRlI2GXnw==

fraction.js@^4.1.1:
  version "4.1.1"
  resolved "https://registry.yarnpkg.com/fraction.js/-/fraction.js-4.1.1.tgz#ac4e520473dae67012d618aab91eda09bcb400ff"
  integrity sha512-MHOhvvxHTfRFpF1geTK9czMIZ6xclsEor2wkIGYYq+PxcQqT7vStJqjhe6S1TenZrMZzo+wlqOufBDVepUEgPg==

node-releases@^1.1.75:
  version "1.1.75"
  resolved "https://registry.yarnpkg.com/node-releases/-/node-releases-1.1.75.tgz#6dd8c876b9897a1b8e5a02de26afa79bb54ebbfe"
  integrity sha512-Qe5OUajvqrqDSy6wrWFmMwfJ0jVgwiw4T3KqmbTcZ62qW0gQkheXYhcFM1+lOVcGUoRxcEcfyvFMAnDgaF1VWw==

normalize-range@^0.1.2:
  version "0.1.2"
  resolved "https://registry.yarnpkg.com/normalize-range/-/normalize-range-0.1.2.tgz#2d10c06bdfd312ea9777695a4d28439456b75942"
  integrity sha1-LRDAa9/TEuqXd2laTShDlFa3WUI=

postcss-value-parser@^4.1.0:
  version "4.1.0"
  resolved "https://registry.yarnpkg.com/postcss-value-parser/-/postcss-value-parser-4.1.0.tgz#443f6a20ced6481a2bda4fa8532a6e55d789a2cb"
  integrity sha512-97DXOFbQJhk71ne5/Mt6cOu6yxsSfM0QGQyl0L25Gca4yGWEGJaig7l7gbCX623VqTBNGLRLaVUCnNkcedlRSQ==
